// !$*UTF8*$!
{
	archiveVersion = 1;
	classes = {
	};
	objectVersion = 71;
	objects = {

/* Begin PBXBuildFile section */
		D91298AC2CCB49EC003CC5E5 /* ReactionRepositoryMock.swift in Sources */ = {isa = PBXBuildFile; fileRef = D91298AB2CCB49EC003CC5E5 /* ReactionRepositoryMock.swift */; };
		D94A4234283DC94D00A504BD /* ReactionsCRUDViewModelTests.swift in Sources */ = {isa = PBXBuildFile; fileRef = D94A4233283DC94D00A504BD /* ReactionsCRUDViewModelTests.swift */; };
		D953D99C2D4EB42000CF8689 /* Kingfisher in Frameworks */ = {isa = PBXBuildFile; productRef = D953D99B2D4EB42000CF8689 /* Kingfisher */; };
		D9D100EB2F55440100706E60 /* WidgetKit.framework in Frameworks */ = {isa = PBXBuildFile; fileRef = D9D100EA2F55440100706E60 /* WidgetKit.framework */; };
		D9D100ED2F55440100706E60 /* SwiftUI.framework in Frameworks */ = {isa = PBXBuildFile; fileRef = D9D100EC2F55440100706E60 /* SwiftUI.framework */; };
		D9D101002F55450000706E60 /* MedoHelperWidgetExtension.appex in Embed Foundation Extensions */ = {isa = PBXBuildFile; fileRef = D9D100E82F55440100706E60 /* MedoHelperWidgetExtension.appex */; settings = {ATTRIBUTES = (RemoveHeadersOnCopy, ); }; };
/* End PBXBuildFile section */

/* Begin PBXContainerItemProxy section */
		D94A4230283DC94D00A504BD /* PBXContainerItemProxy */ = {
			isa = PBXContainerItemProxy;
			containerPortal = D94A4216283DC94B00A504BD /* Project object */;
			proxyType = 1;
			remoteGlobalIDString = D94A421D283DC94B00A504BD;
			remoteInfo = MedoHelper;
		};
		D9D101022F55450000706E60 /* PBXContainerItemProxy */ = {
			isa = PBXContainerItemProxy;
			containerPortal = D94A4216283DC94B00A504BD /* Project object */;
			proxyType = 1;
			remoteGlobalIDString = D9D100E72F55440100706E60;
			remoteInfo = MedoHelperWidgetExtension;
		};
/* End PBXContainerItemProxy section */

/* Begin PBXCopyFilesBuildPhase section */
		D9D101012F55450000706E60 /* Embed Foundation Extensions */ = {
			isa = PBXCopyFilesBuildPhase;
			buildActionMask = 2147483647;
			dstPath = "";
			dstSubfolderSpec = 13;
			files = (
				D9D101002F55450000706E60 /* MedoHelperWidgetExtension.appex in Embed Foundation Extensions */,
			);
			name = "Embed Foundation Extensions";
			runOnlyForDeploymentPostprocessing = 0;
		};
/* End PBXCopyFilesBuildPhase section */

/* Begin PBXFileReference section */
		D91298A82CCB3B71003CC5E5 /* MedoHelper.xctestplan */ = {isa = PBXFileReference; lastKnownFileType = text; name = MedoHelper.xctestplan; path = MedoHelperTests/MedoHelper.xctestplan; sourceTree = "<group>"; };
		D91298AB2CCB49EC003CC5E5 /* ReactionRepositoryMock.swift */ = {isa = PBXFileReference; lastKnownFileType = sourcecode.swift; path = ReactionRepositoryMock.swift; sourceTree = "<group>"; };
		D94A421E283DC94B00A504BD /* MedoHelper.app */ = {isa = PBXFileReference; explicitFileType = wrapper.application; includeInIndex = 0; path = MedoHelper.app; sourceTree = BUILT_PRODUCTS_DIR; };
		D94A422F283DC94D00A504BD /* MedoHelperTests.xctest */ = {isa = PBXFileReference; explicitFileType = wrapper.cfbundle; includeInIndex = 0; path = MedoHelperTests.xctest; sourceTree = BUILT_PRODUCTS_DIR; };
		D94A4233283DC94D00A504BD /* ReactionsCRUDViewModelTests.swift */ = {isa = PBXFileReference; lastKnownFileType = sourcecode.swift; path = ReactionsCRUDViewModelTests.swift; sourceTree = "<group>"; };
		D9D100E82F55440100706E60 /* MedoHelperWidgetExtension.appex */ = {isa = PBXFileReference; explicitFileType = "wrapper.app-extension"; includeInIndex = 0; path = MedoHelperWidgetExtension.appex; sourceTree = BUILT_PRODUCTS_DIR; };
		D9D100EA2F55440100706E60 /* WidgetKit.framework */ = {isa = PBXFileReference; lastKnownFileType = wrapper.framework; name = WidgetKit.framework; path = System/Library/Frameworks/WidgetKit.framework; sourceTree = SDKROOT; };
		D9D100EC2F55440100706E60 /* SwiftUI.framework */ = {isa = PBXFileReference; lastKnownFileType = wrapper.framework; name = SwiftUI.framework; path = System/Library/Frameworks/SwiftUI.framework; sourceTree = SDKROOT; };
/* End PBXFileReference section */

/* Begin PBXFileSystemSynchronizedBuildFileExceptionSet section */
		D905EBFC2F4686FC00190A03 /* PBXFileSystemSynchronizedBuildFileExceptionSet */ = {
			isa = PBXFileSystemSynchronizedBuildFileExceptionSet;
			membershipExceptions = (
				Configuration/Secrets.xcconfig,
				Configuration/Secrets.xcconfig.template,
				Info.plist,
			);
			target = D94A421D283DC94B00A504BD /* MedoHelper */;
		};
		D9D100FF2F55440A00706E60 /* PBXFileSystemSynchronizedBuildFileExceptionSet */ = {
			isa = PBXFileSystemSynchronizedBuildFileExceptionSet;
			membershipExceptions = (
				Info.plist,
			);
			target = D9D100E72F55440100706E60 /* MedoHelperWidgetExtension */;
		};
/* End PBXFileSystemSynchronizedBuildFileExceptionSet section */

/* Begin PBXFileSystemSynchronizedRootGroup section */
		D905EBA82F4686FC00190A03 /* MedoHelper */ = {isa = PBXFileSystemSynchronizedRootGroup; exceptions = (D905EBFC2F4686FC00190A03 /* PBXFileSystemSynchronizedBuildFileExceptionSet */, ); explicitFileTypes = {}; explicitFolders = (); path = MedoHelper; sourceTree = "<group>"; };
		D9D100EE2F55440100706E60 /* MedoHelperWidget */ = {isa = PBXFileSystemSynchronizedRootGroup; exceptions = (D9D100FF2F55440A00706E60 /* PBXFileSystemSynchronizedBuildFileExceptionSet */, ); explicitFileTypes = {}; explicitFolders = (); path = MedoHelperWidget; sourceTree = "<group>"; };
/* End PBXFileSystemSynchronizedRootGroup section */

/* Begin PBXFrameworksBuildPhase section */
		D94A421B283DC94B00A504BD /* Frameworks */ = {
			isa = PBXFrameworksBuildPhase;
			buildActionMask = 2147483647;
			files = (
				D953D99C2D4EB42000CF8689 /* Kingfisher in Frameworks */,
			);
			runOnlyForDeploymentPostprocessing = 0;
		};
		D94A422C283DC94D00A504BD /* Frameworks */ = {
			isa = PBXFrameworksBuildPhase;
			buildActionMask = 2147483647;
			files = (
			);
			runOnlyForDeploymentPostprocessing = 0;
		};
		D9D100E52F55440100706E60 /* Frameworks */ = {
			isa = PBXFrameworksBuildPhase;
			buildActionMask = 2147483647;
			files = (
				D9D100ED2F55440100706E60 /* SwiftUI.framework in Frameworks */,
				D9D100EB2F55440100706E60 /* WidgetKit.framework in Frameworks */,
			);
			runOnlyForDeploymentPostprocessing = 0;
		};
/* End PBXFrameworksBuildPhase section */

/* Begin PBXGroup section */
		D91298912CC98622003CC5E5 /* Sources */ = {
			isa = PBXGroup;
			children = (
				D91298922CC98629003CC5E5 /* Views */,
			);
			path = Sources;
			sourceTree = "<group>";
		};
		D91298922CC98629003CC5E5 /* Views */ = {
			isa = PBXGroup;
			children = (
				D91298932CC98636003CC5E5 /* ServerData */,
			);
			path = Views;
			sourceTree = "<group>";
		};
		D91298932CC98636003CC5E5 /* ServerData */ = {
			isa = PBXGroup;
			children = (
				D91298942CC9863D003CC5E5 /* Reactions */,
			);
			path = ServerData;
			sourceTree = "<group>";
		};
		D91298942CC9863D003CC5E5 /* Reactions */ = {
			isa = PBXGroup;
			children = (
				D94A4233283DC94D00A504BD /* ReactionsCRUDViewModelTests.swift */,
			);
			path = Reactions;
			sourceTree = "<group>";
		};
		D91298A52CCB3750003CC5E5 /* Doubles */ = {
			isa = PBXGroup;
			children = (
				D91298AB2CCB49EC003CC5E5 /* ReactionRepositoryMock.swift */,
			);
			path = Doubles;
			sourceTree = "<group>";
		};
		D94A4215283DC94B00A504BD = {
			isa = PBXGroup;
			children = (
				D91298A82CCB3B71003CC5E5 /* MedoHelper.xctestplan */,
				D905EBA82F4686FC00190A03 /* MedoHelper */,
				D94A4232283DC94D00A504BD /* MedoHelperTests */,
				D9D100EE2F55440100706E60 /* MedoHelperWidget */,
				D9D100E92F55440100706E60 /* Frameworks */,
				D94A421F283DC94B00A504BD /* Products */,
			);
			sourceTree = "<group>";
		};
		D94A421F283DC94B00A504BD /* Products */ = {
			isa = PBXGroup;
			children = (
				D94A421E283DC94B00A504BD /* MedoHelper.app */,
				D94A422F283DC94D00A504BD /* MedoHelperTests.xctest */,
				D9D100E82F55440100706E60 /* MedoHelperWidgetExtension.appex */,
			);
			name = Products;
			sourceTree = "<group>";
		};
		D94A4232283DC94D00A504BD /* MedoHelperTests */ = {
			isa = PBXGroup;
			children = (
				D91298A52CCB3750003CC5E5 /* Doubles */,
				D91298912CC98622003CC5E5 /* Sources */,
			);
			path = MedoHelperTests;
			sourceTree = "<group>";
		};
		D9D100E92F55440100706E60 /* Frameworks */ = {
			isa = PBXGroup;
			children = (
				D9D100EA2F55440100706E60 /* WidgetKit.framework */,
				D9D100EC2F55440100706E60 /* SwiftUI.framework */,
			);
			name = Frameworks;
			sourceTree = "<group>";
		};
/* End PBXGroup section */

/* Begin PBXNativeTarget section */
		D94A421D283DC94B00A504BD /* MedoHelper */ = {
			isa = PBXNativeTarget;
			buildConfigurationList = D94A4243283DC94D00A504BD /* Build configuration list for PBXNativeTarget "MedoHelper" */;
			buildPhases = (
				D94A421A283DC94B00A504BD /* Sources */,
				D94A421B283DC94B00A504BD /* Frameworks */,
				D94A421C283DC94B00A504BD /* Resources */,
				D9D101012F55450000706E60 /* Embed Foundation Extensions */,
			);
			buildRules = (
			);
			dependencies = (
				D9D101032F55450000706E60 /* PBXTargetDependency */,
			);
			fileSystemSynchronizedGroups = (
				D905EBA82F4686FC00190A03 /* MedoHelper */,
			);
			name = MedoHelper;
			productName = MedoHelper;
			productReference = D94A421E283DC94B00A504BD /* MedoHelper.app */;
			productType = "com.apple.product-type.application";
		};
		D94A422E283DC94D00A504BD /* MedoHelperTests */ = {
			isa = PBXNativeTarget;
			buildConfigurationList = D94A4246283DC94D00A504BD /* Build configuration list for PBXNativeTarget "MedoHelperTests" */;
			buildPhases = (
				D94A422B283DC94D00A504BD /* Sources */,
				D94A422C283DC94D00A504BD /* Frameworks */,
				D94A422D283DC94D00A504BD /* Resources */,
			);
			buildRules = (
			);
			dependencies = (
				D94A4231283DC94D00A504BD /* PBXTargetDependency */,
			);
			name = MedoHelperTests;
			productName = MedoHelperTests;
			productReference = D94A422F283DC94D00A504BD /* MedoHelperTests.xctest */;
			productType = "com.apple.product-type.bundle.unit-test";
		};
		D9D100E72F55440100706E60 /* MedoHelperWidgetExtension */ = {
			isa = PBXNativeTarget;
			buildConfigurationList = D9D100FE2F55440A00706E60 /* Build configuration list for PBXNativeTarget "MedoHelperWidgetExtension" */;
			buildPhases = (
				D9D100E42F55440100706E60 /* Sources */,
				D9D100E52F55440100706E60 /* Frameworks */,
				D9D100E62F55440100706E60 /* Resources */,
			);
			buildRules = (
			);
			dependencies = (
			);
			fileSystemSynchronizedGroups = (
				D9D100EE2F55440100706E60 /* MedoHelperWidget */,
			);
			name = MedoHelperWidgetExtension;
			packageProductDependencies = (
			);
			productName = MedoHelperWidgetExtension;
			productReference = D9D100E82F55440100706E60 /* MedoHelperWidgetExtension.appex */;
			productType = "com.apple.product-type.app-extension";
		};
/* End PBXNativeTarget section */

/* Begin PBXProject section */
		D94A4216283DC94B00A504BD /* Project object */ = {
			isa = PBXProject;
			attributes = {
				BuildIndependentTargetsInParallel = 1;
				LastSwiftUpdateCheck = 2630;
				LastUpgradeCheck = 2620;
				TargetAttributes = {
					D94A421D283DC94B00A504BD = {
						CreatedOnToolsVersion = 13.4;
					};
					D94A422E283DC94D00A504BD = {
						CreatedOnToolsVersion = 13.4;
						TestTargetID = D94A421D283DC94B00A504BD;
					};
					D9D100E72F55440100706E60 = {
						CreatedOnToolsVersion = 26.3;
					};
				};
			};
			buildConfigurationList = D94A4219283DC94B00A504BD /* Build configuration list for PBXProject "MedoHelper" */;
			compatibilityVersion = "Xcode 13.0";
			developmentRegion = en;
			hasScannedForEncodings = 0;
			knownRegions = (
				en,
				Base,
			);
			mainGroup = D94A4215283DC94B00A504BD;
			packageReferences = (
				D953D99A2D4EB42000CF8689 /* XCRemoteSwiftPackageReference "Kingfisher" */,
			);
			productRefGroup = D94A421F283DC94B00A504BD /* Products */;
			projectDirPath = "";
			projectRoot = "";
			targets = (
				D94A421D283DC94B00A504BD /* MedoHelper */,
				D94A422E283DC94D00A504BD /* MedoHelperTests */,
				D9D100E72F55440100706E60 /* MedoHelperWidgetExtension */,
			);
		};
/* End PBXProject section */

/* Begin PBXResourcesBuildPhase section */
		D94A421C283DC94B00A504BD /* Resources */ = {
			isa = PBXResourcesBuildPhase;
			buildActionMask = 2147483647;
			files = (
			);
			runOnlyForDeploymentPostprocessing = 0;
		};
		D94A422D283DC94D00A504BD /* Resources */ = {
			isa = PBXResourcesBuildPhase;
			buildActionMask = 2147483647;
			files = (
			);
			runOnlyForDeploymentPostprocessing = 0;
		};
		D9D100E62F55440100706E60 /* Resources */ = {
			isa = PBXResourcesBuildPhase;
			buildActionMask = 2147483647;
			files = (
			);
			runOnlyForDeploymentPostprocessing = 0;
		};
/* End PBXResourcesBuildPhase section */

/* Begin PBXSourcesBuildPhase section */
		D94A421A283DC94B00A504BD /* Sources */ = {
			isa = PBXSourcesBuildPhase;
			buildActionMask = 2147483647;
			files = (
			);
			runOnlyForDeploymentPostprocessing = 0;
		};
		D94A422B283DC94D00A504BD /* Sources */ = {
			isa = PBXSourcesBuildPhase;
			buildActionMask = 2147483647;
			files = (
				D91298AC2CCB49EC003CC5E5 /* ReactionRepositoryMock.swift in Sources */,
				D94A4234283DC94D00A504BD /* ReactionsCRUDViewModelTests.swift in Sources */,
			);
			runOnlyForDeploymentPostprocessing = 0;
		};
		D9D100E42F55440100706E60 /* Sources */ = {
			isa = PBXSourcesBuildPhase;
			buildActionMask = 2147483647;
			files = (
			);
			runOnlyForDeploymentPostprocessing = 0;
		};
/* End PBXSourcesBuildPhase section */

/* Begin PBXTargetDependency section */
		D94A4231283DC94D00A504BD /* PBXTargetDependency */ = {
			isa = PBXTargetDependency;
			target = D94A421D283DC94B00A504BD /* MedoHelper */;
			targetProxy = D94A4230283DC94D00A504BD /* PBXContainerItemProxy */;
		};
		D9D101032F55450000706E60 /* PBXTargetDependency */ = {
			isa = PBXTargetDependency;
			target = D9D100E72F55440100706E60 /* MedoHelperWidgetExtension */;
			targetProxy = D9D101022F55450000706E60 /* PBXContainerItemProxy */;
		};
/* End PBXTargetDependency section */

/* Begin XCBuildConfiguration section */
		D94A4241283DC94D00A504BD /* Debug */ = {
			isa = XCBuildConfiguration;
			buildSettings = {
				ALWAYS_SEARCH_USER_PATHS = NO;
				CLANG_ANALYZER_NONNULL = YES;
				CLANG_ANALYZER_NUMBER_OBJECT_CONVERSION = YES_AGGRESSIVE;
				CLANG_CXX_LANGUAGE_STANDARD = "gnu++17";
				CLANG_ENABLE_MODULES = YES;
				CLANG_ENABLE_OBJC_ARC = YES;
				CLANG_ENABLE_OBJC_WEAK = YES;
				CLANG_WARN_BLOCK_CAPTURE_AUTORELEASING = YES;
				CLANG_WARN_BOOL_CONVERSION = YES;
				CLANG_WARN_COMMA = YES;
				CLANG_WARN_CONSTANT_CONVERSION = YES;
				CLANG_WARN_DEPRECATED_OBJC_IMPLEMENTATIONS = YES;
				CLANG_WARN_DIRECT_OBJC_ISA_USAGE = YES_ERROR;
				CLANG_WARN_DOCUMENTATION_COMMENTS = YES;
				CLANG_WARN_EMPTY_BODY = YES;
				CLANG_WARN_ENUM_CONVERSION = YES;
				CLANG_WARN_INFINITE_RECURSION = YES;
				CLANG_WARN_INT_CONVERSION = YES;
				CLANG_WARN_NON_LITERAL_NULL_CONVERSION = YES;
				CLANG_WARN_OBJC_IMPLICIT_RETAIN_SELF = YES;
				CLANG_WARN_OBJC_LITERAL_CONVERSION = YES;
				CLANG_WARN_OBJC_ROOT_CLASS = YES_ERROR;
				CLANG_WARN_QUOTED_INCLUDE_IN_FRAMEWORK_HEADER = YES;
				CLANG_WARN_RANGE_LOOP_ANALYSIS = YES;
				CLANG_WARN_STRICT_PROTOTYPES = YES;
				CLANG_WARN_SUSPICIOUS_MOVE = YES;
				CLANG_WARN_UNGUARDED_AVAILABILITY = YES_AGGRESSIVE;
				CLANG_WARN_UNREACHABLE_CODE = YES;
				CLANG_WARN__DUPLICATE_METHOD_MATCH = YES;
				COPY_PHASE_STRIP = NO;
				DEAD_CODE_STRIPPING = YES;
				DEBUG_INFORMATION_FORMAT = dwarf;
				DEVELOPMENT_TEAM = L8X3H5XA82;
				ENABLE_STRICT_OBJC_MSGSEND = YES;
				ENABLE_TESTABILITY = YES;
				ENABLE_USER_SCRIPT_SANDBOXING = YES;
				GCC_C_LANGUAGE_STANDARD = gnu11;
				GCC_DYNAMIC_NO_PIC = NO;
				GCC_NO_COMMON_BLOCKS = YES;
				GCC_OPTIMIZATION_LEVEL = 0;
				GCC_PREPROCESSOR_DEFINITIONS = (
					"DEBUG=1",
					"$(inherited)",
				);
				GCC_WARN_64_TO_32_BIT_CONVERSION = YES;
				GCC_WARN_ABOUT_RETURN_TYPE = YES_ERROR;
				GCC_WARN_UNDECLARED_SELECTOR = YES;
				GCC_WARN_UNINITIALIZED_AUTOS = YES_AGGRESSIVE;
				GCC_WARN_UNUSED_FUNCTION = YES;
				GCC_WARN_UNUSED_VARIABLE = YES;
				MACOSX_DEPLOYMENT_TARGET = 14.2;
				MTL_ENABLE_DEBUG_INFO = INCLUDE_SOURCE;
				MTL_FAST_MATH = YES;
				ONLY_ACTIVE_ARCH = YES;
				SDKROOT = macosx;
				STRING_CATALOG_GENERATE_SYMBOLS = YES;
				SWIFT_ACTIVE_COMPILATION_CONDITIONS = DEBUG;
				SWIFT_OPTIMIZATION_LEVEL = "-Onone";
			};
			name = Debug;
		};
		D94A4242283DC94D00A504BD /* Release */ = {
			isa = XCBuildConfiguration;
			buildSettings = {
				ALWAYS_SEARCH_USER_PATHS = NO;
				CLANG_ANALYZER_NONNULL = YES;
				CLANG_ANALYZER_NUMBER_OBJECT_CONVERSION = YES_AGGRESSIVE;
				CLANG_CXX_LANGUAGE_STANDARD = "gnu++17";
				CLANG_ENABLE_MODULES = YES;
				CLANG_ENABLE_OBJC_ARC = YES;
				CLANG_ENABLE_OBJC_WEAK = YES;
				CLANG_WARN_BLOCK_CAPTURE_AUTORELEASING = YES;
				CLANG_WARN_BOOL_CONVERSION = YES;
				CLANG_WARN_COMMA = YES;
				CLANG_WARN_CONSTANT_CONVERSION = YES;
				CLANG_WARN_DEPRECATED_OBJC_IMPLEMENTATIONS = YES;
				CLANG_WARN_DIRECT_OBJC_ISA_USAGE = YES_ERROR;
				CLANG_WARN_DOCUMENTATION_COMMENTS = YES;
				CLANG_WARN_EMPTY_BODY = YES;
				CLANG_WARN_ENUM_CONVERSION = YES;
				CLANG_WARN_INFINITE_RECURSION = YES;
				CLANG_WARN_INT_CONVERSION = YES;
				CLANG_WARN_NON_LITERAL_NULL_CONVERSION = YES;
				CLANG_WARN_OBJC_IMPLICIT_RETAIN_SELF = YES;
				CLANG_WARN_OBJC_LITERAL_CONVERSION = YES;
				CLANG_WARN_OBJC_ROOT_CLASS = YES_ERROR;
				CLANG_WARN_QUOTED_INCLUDE_IN_FRAMEWORK_HEADER = YES;
				CLANG_WARN_RANGE_LOOP_ANALYSIS = YES;
				CLANG_WARN_STRICT_PROTOTYPES = YES;
				CLANG_WARN_SUSPICIOUS_MOVE = YES;
				CLANG_WARN_UNGUARDED_AVAILABILITY = YES_AGGRESSIVE;
				CLANG_WARN_UNREACHABLE_CODE = YES;
				CLANG_WARN__DUPLICATE_METHOD_MATCH = YES;
				COPY_PHASE_STRIP = NO;
				DEAD_CODE_STRIPPING = YES;
				DEBUG_INFORMATION_FORMAT = "dwarf-with-dsym";
				DEVELOPMENT_TEAM = L8X3H5XA82;
				ENABLE_NS_ASSERTIONS = NO;
				ENABLE_STRICT_OBJC_MSGSEND = YES;
				ENABLE_USER_SCRIPT_SANDBOXING = YES;
				GCC_C_LANGUAGE_STANDARD = gnu11;
				GCC_NO_COMMON_BLOCKS = YES;
				GCC_WARN_64_TO_32_BIT_CONVERSION = YES;
				GCC_WARN_ABOUT_RETURN_TYPE = YES_ERROR;
				GCC_WARN_UNDECLARED_SELECTOR = YES;
				GCC_WARN_UNINITIALIZED_AUTOS = YES_AGGRESSIVE;
				GCC_WARN_UNUSED_FUNCTION = YES;
				GCC_WARN_UNUSED_VARIABLE = YES;
				MACOSX_DEPLOYMENT_TARGET = 14.2;
				MTL_ENABLE_DEBUG_INFO = NO;
				MTL_FAST_MATH = YES;
				SDKROOT = macosx;
				STRING_CATALOG_GENERATE_SYMBOLS = YES;
				SWIFT_COMPILATION_MODE = wholemodule;
				SWIFT_OPTIMIZATION_LEVEL = "-O";
			};
			name = Release;
		};
		D94A4244283DC94D00A504BD /* Debug */ = {
			isa = XCBuildConfiguration;
			baseConfigurationReferenceAnchor = D905EBA82F4686FC00190A03 /* MedoHelper */;
			baseConfigurationReferenceRelativePath = Configuration/Secrets.xcconfig;
			buildSettings = {
				ASSETCATALOG_COMPILER_APPICON_NAME = AppIcon;
				ASSETCATALOG_COMPILER_GLOBAL_ACCENT_COLOR_NAME = AccentColor;
				ASSETCATALOG_COMPILER_INCLUDE_ALL_APPICON_ASSETS = YES;
				CODE_SIGN_ENTITLEMENTS = MedoHelper/Sources/AppSupport/MedoHelper.entitlements;
				CODE_SIGN_STYLE = Automatic;
				COMBINE_HIDPI_IMAGES = YES;
				CURRENT_PROJECT_VERSION = 1;
				DEAD_CODE_STRIPPING = YES;
				DEVELOPMENT_ASSET_PATHS = "\"MedoHelper/Sources/AppSupport/Preview Content\"";
				ENABLE_APP_SANDBOX = YES;
				ENABLE_FILE_ACCESS_DOWNLOADS_FOLDER = readwrite;
				ENABLE_FILE_ACCESS_MOVIES_FOLDER = readwrite;
				ENABLE_FILE_ACCESS_MUSIC_FOLDER = readwrite;
				ENABLE_FILE_ACCESS_PICTURE_FOLDER = readwrite;
				ENABLE_HARDENED_RUNTIME = YES;
				ENABLE_OUTGOING_NETWORK_CONNECTIONS = YES;
				ENABLE_PREVIEWS = YES;
				ENABLE_USER_SELECTED_FILES = readwrite;
				GENERATE_INFOPLIST_FILE = YES;
				INFOPLIST_FILE = MedoHelper/Info.plist;
				INFOPLIST_KEY_CFBundleDisplayName = MedoHelper;
				INFOPLIST_KEY_LSApplicationCategoryType = "public.app-category.developer-tools";
				INFOPLIST_KEY_NSHumanReadableCopyright = "";
				INFOPLIST_KEY_UISupportedInterfaceOrientations = "UIInterfaceOrientationLandscapeLeft UIInterfaceOrientationLandscapeRight UIInterfaceOrientationPortrait";
				INFOPLIST_KEY_UISupportedInterfaceOrientations_iPad = "UIInterfaceOrientationLandscapeLeft UIInterfaceOrientationLandscapeRight UIInterfaceOrientationPortrait UIInterfaceOrientationPortraitUpsideDown";
				LD_RUNPATH_SEARCH_PATHS = (
					"$(inherited)",
					"@executable_path/../Frameworks",
				);
				MACOSX_DEPLOYMENT_TARGET = 15.0;
				MARKETING_VERSION = 1.0;
				PRODUCT_BUNDLE_IDENTIFIER = com.rafaelschmitt.MedoHelper;
				PRODUCT_NAME = "$(TARGET_NAME)";
				SUPPORTED_PLATFORMS = "iphoneos iphonesimulator macosx";
				SUPPORTS_MACCATALYST = NO;
				SWIFT_EMIT_LOC_STRINGS = YES;
				SWIFT_VERSION = 5.0;
				TARGETED_DEVICE_FAMILY = "1,2";
			};
			name = Debug;
		};
		D94A4245283DC94D00A504BD /* Release */ = {
			isa = XCBuildConfiguration;
			baseConfigurationReferenceAnchor = D905EBA82F4686FC00190A03 /* MedoHelper */;
			baseConfigurationReferenceRelativePath = Configuration/Secrets.xcconfig;
			buildSettings = {
				ASSETCATALOG_COMPILER_APPICON_NAME = AppIcon;
				ASSETCATALOG_COMPILER_GLOBAL_ACCENT_COLOR_NAME = AccentColor;
				ASSETCATALOG_COMPILER_INCLUDE_ALL_APPICON_ASSETS = YES;
				CODE_SIGN_ENTITLEMENTS = MedoHelper/Sources/AppSupport/MedoHelper.entitlements;
				CODE_SIGN_STYLE = Automatic;
				COMBINE_HIDPI_IMAGES = YES;
				CURRENT_PROJECT_VERSION = 1;
				DEAD_CODE_STRIPPING = YES;
				DEVELOPMENT_ASSET_PATHS = "\"MedoHelper/Sources/AppSupport/Preview Content\"";
				ENABLE_APP_SANDBOX = YES;
				ENABLE_FILE_ACCESS_DOWNLOADS_FOLDER = readwrite;
				ENABLE_FILE_ACCESS_MOVIES_FOLDER = readwrite;
				ENABLE_FILE_ACCESS_MUSIC_FOLDER = readwrite;
				ENABLE_FILE_ACCESS_PICTURE_FOLDER = readwrite;
				ENABLE_HARDENED_RUNTIME = YES;
				ENABLE_OUTGOING_NETWORK_CONNECTIONS = YES;
				ENABLE_PREVIEWS = YES;
				ENABLE_USER_SELECTED_FILES = readwrite;
				GENERATE_INFOPLIST_FILE = YES;
				INFOPLIST_FILE = MedoHelper/Info.plist;
				INFOPLIST_KEY_CFBundleDisplayName = MedoHelper;
				INFOPLIST_KEY_LSApplicationCategoryType = "public.app-category.developer-tools";
				INFOPLIST_KEY_NSHumanReadableCopyright = "";
				INFOPLIST_KEY_UISupportedInterfaceOrientations = "UIInterfaceOrientationLandscapeLeft UIInterfaceOrientationLandscapeRight UIInterfaceOrientationPortrait";
				INFOPLIST_KEY_UISupportedInterfaceOrientations_iPad = "UIInterfaceOrientationLandscapeLeft UIInterfaceOrientationLandscapeRight UIInterfaceOrientationPortrait UIInterfaceOrientationPortraitUpsideDown";
				LD_RUNPATH_SEARCH_PATHS = (
					"$(inherited)",
					"@executable_path/../Frameworks",
				);
				MACOSX_DEPLOYMENT_TARGET = 15.0;
				MARKETING_VERSION = 1.0;
				PRODUCT_BUNDLE_IDENTIFIER = com.rafaelschmitt.MedoHelper;
				PRODUCT_NAME = "$(TARGET_NAME)";
				SUPPORTED_PLATFORMS = "iphoneos iphonesimulator macosx";
				SUPPORTS_MACCATALYST = NO;
				SWIFT_EMIT_LOC_STRINGS = YES;
				SWIFT_VERSION = 5.0;
				TARGETED_DEVICE_FAMILY = "1,2";
			};
			name = Release;
		};
		D94A4247283DC94D00A504BD /* Debug */ = {
			isa = XCBuildConfiguration;
			buildSettings = {
				BUNDLE_LOADER = "$(TEST_HOST)";
				CODE_SIGN_STYLE = Automatic;
				CURRENT_PROJECT_VERSION = 1;
				DEAD_CODE_STRIPPING = YES;
				GENERATE_INFOPLIST_FILE = YES;
				MACOSX_DEPLOYMENT_TARGET = 14.2;
				MARKETING_VERSION = 1.0;
				PRODUCT_BUNDLE_IDENTIFIER = com.rafaelschmitt.MedoHelperTests;
				PRODUCT_NAME = "$(TARGET_NAME)";
				SWIFT_EMIT_LOC_STRINGS = NO;
				SWIFT_VERSION = 5.0;
				TEST_HOST = "$(BUILT_PRODUCTS_DIR)/MedoHelper.app/Contents/MacOS/MedoHelper";
			};
			name = Debug;
		};
		D94A4248283DC94D00A504BD /* Release */ = {
			isa = XCBuildConfiguration;
			buildSettings = {
				BUNDLE_LOADER = "$(TEST_HOST)";
				CODE_SIGN_STYLE = Automatic;
				CURRENT_PROJECT_VERSION = 1;
				DEAD_CODE_STRIPPING = YES;
				GENERATE_INFOPLIST_FILE = YES;
				MACOSX_DEPLOYMENT_TARGET = 14.2;
				MARKETING_VERSION = 1.0;
				PRODUCT_BUNDLE_IDENTIFIER = com.rafaelschmitt.MedoHelperTests;
				PRODUCT_NAME = "$(TARGET_NAME)";
				SWIFT_EMIT_LOC_STRINGS = NO;
				SWIFT_VERSION = 5.0;
				TEST_HOST = "$(BUILT_PRODUCTS_DIR)/MedoHelper.app/Contents/MacOS/MedoHelper";
			};
			name = Release;
		};
		D9D100FC2F55440A00706E60 /* Debug */ = {
			isa = XCBuildConfiguration;
			baseConfigurationReferenceAnchor = D905EBA82F4686FC00190A03 /* MedoHelper */;
			baseConfigurationReferenceRelativePath = Configuration/Secrets.xcconfig;
			buildSettings = {
				ASSETCATALOG_COMPILER_GENERATE_SWIFT_ASSET_SYMBOL_EXTENSIONS = YES;
				ASSETCATALOG_COMPILER_GLOBAL_ACCENT_COLOR_NAME = AccentColor;
				ASSETCATALOG_COMPILER_WIDGET_BACKGROUND_COLOR_NAME = WidgetBackground;
				CLANG_CXX_LANGUAGE_STANDARD = "gnu++20";
				CODE_SIGN_STYLE = Automatic;
				CURRENT_PROJECT_VERSION = 1;
				GCC_C_LANGUAGE_STANDARD = gnu17;
				GENERATE_INFOPLIST_FILE = YES;
				INFOPLIST_FILE = MedoHelperWidget/Info.plist;
				INFOPLIST_KEY_CFBundleDisplayName = MedoHelperWidget;
				INFOPLIST_KEY_NSHumanReadableCopyright = "";
				IPHONEOS_DEPLOYMENT_TARGET = 18.6;
				LD_RUNPATH_SEARCH_PATHS = (
					"$(inherited)",
					"@executable_path/Frameworks",
					"@executable_path/../../Frameworks",
					"@executable_path/../Frameworks",
				);
				LOCALIZATION_PREFERS_STRING_CATALOGS = YES;
				MACOSX_DEPLOYMENT_TARGET = 15.0;
				MARKETING_VERSION = 1.0;
				PRODUCT_BUNDLE_IDENTIFIER = com.rafaelschmitt.MedoHelper.MedoHelperWidget;
				PRODUCT_NAME = "$(TARGET_NAME)";
				SKIP_INSTALL = YES;
				STRING_CATALOG_GENERATE_SYMBOLS = YES;
				SUPPORTED_PLATFORMS = "iphoneos iphonesimulator macosx";
				SUPPORTS_MACCATALYST = NO;
				SWIFT_ACTIVE_COMPILATION_CONDITIONS = "DEBUG $(inherited)";
				SWIFT_APPROACHABLE_CONCURRENCY = YES;
				SWIFT_EMIT_LOC_STRINGS = YES;
				SWIFT_UPCOMING_FEATURE_MEMBER_IMPORT_VISIBILITY = YES;
				SWIFT_VERSION = 5.0;
				TARGETED_DEVICE_FAMILY = "1,2";
			};
			name = Debug;
		};
		D9D100FD2F55440A00706E60 /* Release */ = {
			isa = XCBuildConfiguration;
			baseConfigurationReferenceAnchor = D905EBA82F4686FC00190A03 /* MedoHelper */;
			baseConfigurationReferenceRelativePath = Configuration/Secrets.xcconfig;
			buildSettings = {
				ASSETCATALOG_COMPILER_GENERATE_SWIFT_ASSET_SYMBOL_EXTENSIONS = YES;
				ASSETCATALOG_COMPILER_GLOBAL_ACCENT_COLOR_NAME = AccentColor;
				ASSETCATALOG_COMPILER_WIDGET_BACKGROUND_COLOR_NAME = WidgetBackground;
				CLANG_CXX_LANGUAGE_STANDARD = "gnu++20";
				CODE_SIGN_STYLE = Automatic;
				CURRENT_PROJECT_VERSION = 1;
				GCC_C_LANGUAGE_STANDARD = gnu17;
				GENERATE_INFOPLIST_FILE = YES;
				INFOPLIST_FILE = MedoHelperWidget/Info.plist;
				INFOPLIST_KEY_CFBundleDisplayName = MedoHelperWidget;
				INFOPLIST_KEY_NSHumanReadableCopyright = "";
				IPHONEOS_DEPLOYMENT_TARGET = 18.6;
				LD_RUNPATH_SEARCH_PATHS = (
					"$(inherited)",
					"@executable_path/Frameworks",
					"@executable_path/../../Frameworks",
					"@executable_path/../Frameworks",
				);
				LOCALIZATION_PREFERS_STRING_CATALOGS = YES;
				MACOSX_DEPLOYMENT_TARGET = 15.0;
				MARKETING_VERSION = 1.0;
				PRODUCT_BUNDLE_IDENTIFIER = com.rafaelschmitt.MedoHelper.MedoHelperWidget;
				PRODUCT_NAME = "$(TARGET_NAME)";
				SKIP_INSTALL = YES;
				STRING_CATALOG_GENERATE_SYMBOLS = YES;
				SUPPORTED_PLATFORMS = "iphoneos iphonesimulator macosx";
				SUPPORTS_MACCATALYST = NO;
				SWIFT_APPROACHABLE_CONCURRENCY = YES;
				SWIFT_EMIT_LOC_STRINGS = YES;
				SWIFT_UPCOMING_FEATURE_MEMBER_IMPORT_VISIBILITY = YES;
				SWIFT_VERSION = 5.0;
				TARGETED_DEVICE_FAMILY = "1,2";
				VALIDATE_PRODUCT = YES;
			};
			name = Release;
		};
/* End XCBuildConfiguration section */

/* Begin XCConfigurationList section */
		D94A4219283DC94B00A504BD /* Build configuration list for PBXProject "MedoHelper" */ = {
			isa = XCConfigurationList;
			buildConfigurations = (
				D94A4241283DC94D00A504BD /* Debug */,
				D94A4242283DC94D00A504BD /* Release */,
			);
			defaultConfigurationIsVisible = 0;
			defaultConfigurationName = Release;
		};
		D94A4243283DC94D00A504BD /* Build configuration list for PBXNativeTarget "MedoHelper" */ = {
			isa = XCConfigurationList;
			buildConfigurations = (
				D94A4244283DC94D00A504BD /* Debug */,
				D94A4245283DC94D00A504BD /* Release */,
			);
			defaultConfigurationIsVisible = 0;
			defaultConfigurationName = Release;
		};
		D94A4246283DC94D00A504BD /* Build configuration list for PBXNativeTarget "MedoHelperTests" */ = {
			isa = XCConfigurationList;
			buildConfigurations = (
				D94A4247283DC94D00A504BD /* Debug */,
				D94A4248283DC94D00A504BD /* Release */,
			);
			defaultConfigurationIsVisible = 0;
			defaultConfigurationName = Release;
		};
		D9D100FE2F55440A00706E60 /* Build configuration list for PBXNativeTarget "MedoHelperWidgetExtension" */ = {
			isa = XCConfigurationList;
			buildConfigurations = (
				D9D100FC2F55440A00706E60 /* Debug */,
				D9D100FD2F55440A00706E60 /* Release */,
			);
			defaultConfigurationIsVisible = 0;
			defaultConfigurationName = Release;
		};
/* End XCConfigurationList section */

/* Begin XCRemoteSwiftPackageReference section */
		D953D99A2D4EB42000CF8689 /* XCRemoteSwiftPackageReference "Kingfisher" */ = {
			isa = XCRemoteSwiftPackageReference;
			repositoryURL = "https://github.com/onevcat/Kingfisher";
			requirement = {
				kind = upToNextMajorVersion;
				minimumVersion = 8.1.4;
			};
		};
/* End XCRemoteSwiftPackageReference section */

/* Begin XCSwiftPackageProductDependency section */
		D953D99B2D4EB42000CF8689 /* Kingfisher */ = {
			isa = XCSwiftPackageProductDependency;
			package = D953D99A2D4EB42000CF8689 /* XCRemoteSwiftPackageReference "Kingfisher" */;
			productName = Kingfisher;
		};
/* End XCSwiftPackageProductDependency section */
	};
	rootObject = D94A4216283DC94B00A504BD /* Project object */;
}
